
Microsoft Visual Studio Solution File, Format Version 12.00
# Visual Studio Version 17
VisualStudioVersion = 17.11.35327.3
MinimumVisualStudioVersion = 10.0.40219.1
Project("{FAE04EC0-301F-11D3-BF4B-00C04F79EFBC}") = "AttendanceSystem", "AttendanceSystem\AttendanceSystem.csproj", "{C5239728-2634-4BCD-BBA2-B320FFD9385C}"
EndProject
Global
	GlobalSection(SolutionConfigurationPlatforms) = preSolution
		Debug|Any CPU = Debug|Any CPU
		Release|Any CPU = Release|Any CPU
	EndGlobalSection
	GlobalSection(ProjectConfigurationPlatforms) = postSolution
		{C5239728-2634-4BCD-BBA2-B320FFD9385C}.Debug|Any CPU.ActiveCfg = Debug|Any CPU
		{C5239728-2634-4BCD-BBA2-B320FFD9385C}.Debug|Any CPU.Build.0 = Debug|Any CPU
		{C5239728-2634-4BCD-BBA2-B320FFD9385C}.Release|Any CPU.ActiveCfg = Release|Any CPU
		{C5239728-2634-4BCD-BBA2-B320FFD9385C}.Release|Any CPU.Build.0 = Release|Any CPU
	EndGlobalSection
	GlobalSection(SolutionProperties) = preSolution
		HideSolutionNode = FALSE
	EndGlobalSection
	GlobalSection(ExtensibilityGlobals) = postSolution
		SolutionGuid = {80249C31-BFDE-4793-BD60-8C4EC1CAE059}
	EndGlobalSection
EndGlobal
